# This file is automatically @generated by Cargo.
# It is not intended for manual editing.
version = 4

[[package]]
name = "postern-adapters"
version = "0.1.0"
dependencies = [
 "postern-core",
]

[[package]]
name = "postern-cli"
version = "0.1.0"
dependencies = [
 "postern-core",
]

[[package]]
name = "postern-core"
version = "0.1.0"

[[package]]
name = "postern-daemon"
version = "0.1.0"
dependencies = [
 "postern-adapters",
 "postern-core",
 "postern-secrets",
 "postern-store",
 "postern-transports",
]

[[package]]
name = "postern-secrets"
version = "0.1.0"
dependencies = [
 "postern-core",
]

[[package]]
name = "postern-store"
version = "0.1.0"
dependencies = [
 "postern-core",
]

[[package]]
name = "postern-transports"
version = "0.1.0"
dependencies = [
 "postern-core",
]
